
Microsoft Visual Studio Solution File, Format Version 12.00
# Visual Studio Version 17
VisualStudioVersion = 17.0.31903.59
MinimumVisualStudioVersion = 10.0.40219.1
Project("{FAE04EC0-301F-11D3-BF4B-00C04F79EFBC}") = "AuthService.API", "src\server\authService\AuthService.API\AuthService.API.csproj", "{8997924A-D7CA-418B-8B7E-FF7A4FE27DF4}"
EndProject
Project("{FAE04EC0-301F-11D3-BF4B-00C04F79EFBC}") = "AuthService.BLL", "src\server\authService\AuthService.BLL\AuthService.BLL.csproj", "{DD7AAF10-002F-41CC-AAC5-22FD368FF4BC}"
EndProject
Project("{FAE04EC0-301F-11D3-BF4B-00C04F79EFBC}") = "AuthService.BLL.Abstractions", "src\server\authService\AuthService.BLL.Abstractions\AuthService.BLL.Abstractions.csproj", "{DA9903A9-807C-43AC-82C8-7D4A8B08434E}"
EndProject
Project("{FAE04EC0-301F-11D3-BF4B-00C04F79EFBC}") = "AuthService.DAL.PostgreSql", "src\server\authService\AuthService.DAL.PostgreSql\AuthService.DAL.PostgreSql.csproj", "{12B5870C-0C60-4AF4-87F5-FAE88EA4AEE2}"
EndProject
Project("{FAE04EC0-301F-11D3-BF4B-00C04F79EFBC}") = "AuthService.DAL.Abstractions", "src\server\authService\AuthService.DAL.Abstractions\AuthService.DAL.Abstractions.csproj", "{29A5B8D8-A50F-48C8-A479-E4A881B6B907}"
EndProject
Project("{FAE04EC0-301F-11D3-BF4B-00C04F79EFBC}") = "AuthService.Models", "src\server\authService\AuthService.Models\AuthService.Models.csproj", "{EEA7F521-AA50-4916-943D-0C7086BEB9C5}"
EndProject
Project("{2150E333-8FDC-42A3-9474-1A3956D46DE8}") = "common", "common", "{881589EE-639B-0A35-DBCE-5D94E4FC90C0}"
EndProject
Project("{FAE04EC0-301F-11D3-BF4B-00C04F79EFBC}") = "Common", "src\server\common\Common\Common.csproj", "{D1BFF532-A4BC-44AC-821C-847700D3850F}"
EndProject
Project("{FAE04EC0-301F-11D3-BF4B-00C04F79EFBC}") = "Common.API", "src\server\common\Common.API\Common.API.csproj", "{F867F92C-3DA0-424C-BE46-23D64359B024}"
EndProject
Project("{FAE04EC0-301F-11D3-BF4B-00C04F79EFBC}") = "Common.Auth", "src\server\common\Common.Auth\Common.Auth.csproj", "{BBB7D5F8-1E41-4BD8-88E8-C5F062B0634D}"
EndProject
Project("{FAE04EC0-301F-11D3-BF4B-00C04F79EFBC}") = "Logger", "src\server\common\Logger\Logger.csproj", "{0421A67D-3431-43CA-B003-C34E9795E360}"
EndProject
Project("{FAE04EC0-301F-11D3-BF4B-00C04F79EFBC}") = "API.Logger", "src\server\common\API.Logger\API.Logger.csproj", "{16ADF3C1-3A82-4E8B-9A29-4EACF3B67B30}"
EndProject
Project("{2150E333-8FDC-42A3-9474-1A3956D46DE8}") = "tests", "tests", "{0AB3BF05-4346-4AA6-1389-037BE0695223}"
EndProject
Project("{FAE04EC0-301F-11D3-BF4B-00C04F79EFBC}") = "AuthService.BLL.Tests", "tests\authService\AuthService.BLL.Tests\AuthService.BLL.Tests.csproj", "{2A0256F6-6442-4C06-95D7-6A150304B557}"
EndProject
Project("{2150E333-8FDC-42A3-9474-1A3956D46DE8}") = "common", "common", "{E20385C6-4CD7-5BF4-C007-71E5EE00BC8D}"
EndProject
Project("{FAE04EC0-301F-11D3-BF4B-00C04F79EFBC}") = "Common.Auth.Tests", "tests\common\Common.Auth.Tests\Common.Auth.Tests.csproj", "{232A4C2C-058E-4536-828F-ADD1EA70CB9C}"
EndProject
Global
	GlobalSection(SolutionConfigurationPlatforms) = preSolution
		Debug|Any CPU = Debug|Any CPU
		Debug|x64 = Debug|x64
		Debug|x86 = Debug|x86
		Release|Any CPU = Release|Any CPU
		Release|x64 = Release|x64
		Release|x86 = Release|x86
	EndGlobalSection
	GlobalSection(ProjectConfigurationPlatforms) = postSolution
		{8997924A-D7CA-418B-8B7E-FF7A4FE27DF4}.Debug|Any CPU.ActiveCfg = Debug|Any CPU
		{8997924A-D7CA-418B-8B7E-FF7A4FE27DF4}.Debug|Any CPU.Build.0 = Debug|Any CPU
		{8997924A-D7CA-418B-8B7E-FF7A4FE27DF4}.Debug|x64.ActiveCfg = Debug|Any CPU
		{8997924A-D7CA-418B-8B7E-FF7A4FE27DF4}.Debug|x64.Build.0 = Debug|Any CPU
		{8997924A-D7CA-418B-8B7E-FF7A4FE27DF4}.Debug|x86.ActiveCfg = Debug|Any CPU
		{8997924A-D7CA-418B-8B7E-FF7A4FE27DF4}.Debug|x86.Build.0 = Debug|Any CPU
		{8997924A-D7CA-418B-8B7E-FF7A4FE27DF4}.Release|Any CPU.ActiveCfg = Release|Any CPU
		{8997924A-D7CA-418B-8B7E-FF7A4FE27DF4}.Release|Any CPU.Build.0 = Release|Any CPU
		{8997924A-D7CA-418B-8B7E-FF7A4FE27DF4}.Release|x64.ActiveCfg = Release|Any CPU
		{8997924A-D7CA-418B-8B7E-FF7A4FE27DF4}.Release|x64.Build.0 = Release|Any CPU
		{8997924A-D7CA-418B-8B7E-FF7A4FE27DF4}.Release|x86.ActiveCfg = Release|Any CPU
		{8997924A-D7CA-418B-8B7E-FF7A4FE27DF4}.Release|x86.Build.0 = Release|Any CPU
		{DD7AAF10-002F-41CC-AAC5-22FD368FF4BC}.Debug|Any CPU.ActiveCfg = Debug|Any CPU
		{DD7AAF10-002F-41CC-AAC5-22FD368FF4BC}.Debug|Any CPU.Build.0 = Debug|Any CPU
		{DD7AAF10-002F-41CC-AAC5-22FD368FF4BC}.Debug|x64.ActiveCfg = Debug|Any CPU
		{DD7AAF10-002F-41CC-AAC5-22FD368FF4BC}.Debug|x64.Build.0 = Debug|Any CPU
		{DD7AAF10-002F-41CC-AAC5-22FD368FF4BC}.Debug|x86.ActiveCfg = Debug|Any CPU
		{DD7AAF10-002F-41CC-AAC5-22FD368FF4BC}.Debug|x86.Build.0 = Debug|Any CPU
		{DD7AAF10-002F-41CC-AAC5-22FD368FF4BC}.Release|Any CPU.ActiveCfg = Release|Any CPU
		{DD7AAF10-002F-41CC-AAC5-22FD368FF4BC}.Release|Any CPU.Build.0 = Release|Any CPU
		{DD7AAF10-002F-41CC-AAC5-22FD368FF4BC}.Release|x64.ActiveCfg = Release|Any CPU
		{DD7AAF10-002F-41CC-AAC5-22FD368FF4BC}.Release|x64.Build.0 = Release|Any CPU
		{DD7AAF10-002F-41CC-AAC5-22FD368FF4BC}.Release|x86.ActiveCfg = Release|Any CPU
		{DD7AAF10-002F-41CC-AAC5-22FD368FF4BC}.Release|x86.Build.0 = Release|Any CPU
		{DA9903A9-807C-43AC-82C8-7D4A8B08434E}.Debug|Any CPU.ActiveCfg = Debug|Any CPU
		{DA9903A9-807C-43AC-82C8-7D4A8B08434E}.Debug|Any CPU.Build.0 = Debug|Any CPU
		{DA9903A9-807C-43AC-82C8-7D4A8B08434E}.Debug|x64.ActiveCfg = Debug|Any CPU
		{DA9903A9-807C-43AC-82C8-7D4A8B08434E}.Debug|x64.Build.0 = Debug|Any CPU
		{DA9903A9-807C-43AC-82C8-7D4A8B08434E}.Debug|x86.ActiveCfg = Debug|Any CPU
		{DA9903A9-807C-43AC-82C8-7D4A8B08434E}.Debug|x86.Build.0 = Debug|Any CPU
		{DA9903A9-807C-43AC-82C8-7D4A8B08434E}.Release|Any CPU.ActiveCfg = Release|Any CPU
		{DA9903A9-807C-43AC-82C8-7D4A8B08434E}.Release|Any CPU.Build.0 = Release|Any CPU
		{DA9903A9-807C-43AC-82C8-7D4A8B08434E}.Release|x64.ActiveCfg = Release|Any CPU
		{DA9903A9-807C-43AC-82C8-7D4A8B08434E}.Release|x64.Build.0 = Release|Any CPU
		{DA9903A9-807C-43AC-82C8-7D4A8B08434E}.Release|x86.ActiveCfg = Release|Any CPU
		{DA9903A9-807C-43AC-82C8-7D4A8B08434E}.Release|x86.Build.0 = Release|Any CPU
		{12B5870C-0C60-4AF4-87F5-FAE88EA4AEE2}.Debug|Any CPU.ActiveCfg = Debug|Any CPU
		{12B5870C-0C60-4AF4-87F5-FAE88EA4AEE2}.Debug|Any CPU.Build.0 = Debug|Any CPU
		{12B5870C-0C60-4AF4-87F5-FAE88EA4AEE2}.Debug|x64.ActiveCfg = Debug|Any CPU
		{12B5870C-0C60-4AF4-87F5-FAE88EA4AEE2}.Debug|x64.Build.0 = Debug|Any CPU
		{12B5870C-0C60-4AF4-87F5-FAE88EA4AEE2}.Debug|x86.ActiveCfg = Debug|Any CPU
		{12B5870C-0C60-4AF4-87F5-FAE88EA4AEE2}.Debug|x86.Build.0 = Debug|Any CPU
		{12B5870C-0C60-4AF4-87F5-FAE88EA4AEE2}.Release|Any CPU.ActiveCfg = Release|Any CPU
		{12B5870C-0C60-4AF4-87F5-FAE88EA4AEE2}.Release|Any CPU.Build.0 = Release|Any CPU
		{12B5870C-0C60-4AF4-87F5-FAE88EA4AEE2}.Release|x64.ActiveCfg = Release|Any CPU
		{12B5870C-0C60-4AF4-87F5-FAE88EA4AEE2}.Release|x64.Build.0 = Release|Any CPU
		{12B5870C-0C60-4AF4-87F5-FAE88EA4AEE2}.Release|x86.ActiveCfg = Release|Any CPU
		{12B5870C-0C60-4AF4-87F5-FAE88EA4AEE2}.Release|x86.Build.0 = Release|Any CPU
		{29A5B8D8-A50F-48C8-A479-E4A881B6B907}.Debug|Any CPU.ActiveCfg = Debug|Any CPU
		{29A5B8D8-A50F-48C8-A479-E4A881B6B907}.Debug|Any CPU.Build.0 = Debug|Any CPU
		{29A5B8D8-A50F-48C8-A479-E4A881B6B907}.Debug|x64.ActiveCfg = Debug|Any CPU
		{29A5B8D8-A50F-48C8-A479-E4A881B6B907}.Debug|x64.Build.0 = Debug|Any CPU
		{29A5B8D8-A50F-48C8-A479-E4A881B6B907}.Debug|x86.ActiveCfg = Debug|Any CPU
		{29A5B8D8-A50F-48C8-A479-E4A881B6B907}.Debug|x86.Build.0 = Debug|Any CPU
		{29A5B8D8-A50F-48C8-A479-E4A881B6B907}.Release|Any CPU.ActiveCfg = Release|Any CPU
		{29A5B8D8-A50F-48C8-A479-E4A881B6B907}.Release|Any CPU.Build.0 = Release|Any CPU
		{29A5B8D8-A50F-48C8-A479-E4A881B6B907}.Release|x64.ActiveCfg = Release|Any CPU
		{29A5B8D8-A50F-48C8-A479-E4A881B6B907}.Release|x64.Build.0 = Release|Any CPU
		{29A5B8D8-A50F-48C8-A479-E4A881B6B907}.Release|x86.ActiveCfg = Release|Any CPU
		{29A5B8D8-A50F-48C8-A479-E4A881B6B907}.Release|x86.Build.0 = Release|Any CPU
		{EEA7F521-AA50-4916-943D-0C7086BEB9C5}.Debug|Any CPU.ActiveCfg = Debug|Any CPU
		{EEA7F521-AA50-4916-943D-0C7086BEB9C5}.Debug|Any CPU.Build.0 = Debug|Any CPU
		{EEA7F521-AA50-4916-943D-0C7086BEB9C5}.Debug|x64.ActiveCfg = Debug|Any CPU
		{EEA7F521-AA50-4916-943D-0C7086BEB9C5}.Debug|x64.Build.0 = Debug|Any CPU
		{EEA7F521-AA50-4916-943D-0C7086BEB9C5}.Debug|x86.ActiveCfg = Debug|Any CPU
		{EEA7F521-AA50-4916-943D-0C7086BEB9C5}.Debug|x86.Build.0 = Debug|Any CPU
		{EEA7F521-AA50-4916-943D-0C7086BEB9C5}.Release|Any CPU.ActiveCfg = Release|Any CPU
		{EEA7F521-AA50-4916-943D-0C7086BEB9C5}.Release|Any CPU.Build.0 = Release|Any CPU
		{EEA7F521-AA50-4916-943D-0C7086BEB9C5}.Release|x64.ActiveCfg = Release|Any CPU
		{EEA7F521-AA50-4916-943D-0C7086BEB9C5}.Release|x64.Build.0 = Release|Any CPU
		{EEA7F521-AA50-4916-943D-0C7086BEB9C5}.Release|x86.ActiveCfg = Release|Any CPU
		{EEA7F521-AA50-4916-943D-0C7086BEB9C5}.Release|x86.Build.0 = Release|Any CPU
		{D1BFF532-A4BC-44AC-821C-847700D3850F}.Debug|Any CPU.ActiveCfg = Debug|Any CPU
		{D1BFF532-A4BC-44AC-821C-847700D3850F}.Debug|Any CPU.Build.0 = Debug|Any CPU
		{D1BFF532-A4BC-44AC-821C-847700D3850F}.Debug|x64.ActiveCfg = Debug|Any CPU
		{D1BFF532-A4BC-44AC-821C-847700D3850F}.Debug|x64.Build.0 = Debug|Any CPU
		{D1BFF532-A4BC-44AC-821C-847700D3850F}.Debug|x86.ActiveCfg = Debug|Any CPU
		{D1BFF532-A4BC-44AC-821C-847700D3850F}.Debug|x86.Build.0 = Debug|Any CPU
		{D1BFF532-A4BC-44AC-821C-847700D3850F}.Release|Any CPU.ActiveCfg = Release|Any CPU
		{D1BFF532-A4BC-44AC-821C-847700D3850F}.Release|Any CPU.Build.0 = Release|Any CPU
		{D1BFF532-A4BC-44AC-821C-847700D3850F}.Release|x64.ActiveCfg = Release|Any CPU
		{D1BFF532-A4BC-44AC-821C-847700D3850F}.Release|x64.Build.0 = Release|Any CPU
		{D1BFF532-A4BC-44AC-821C-847700D3850F}.Release|x86.ActiveCfg = Release|Any CPU
		{D1BFF532-A4BC-44AC-821C-847700D3850F}.Release|x86.Build.0 = Release|Any CPU
		{F867F92C-3DA0-424C-BE46-23D64359B024}.Debug|Any CPU.ActiveCfg = Debug|Any CPU
		{F867F92C-3DA0-424C-BE46-23D64359B024}.Debug|Any CPU.Build.0 = Debug|Any CPU
		{F867F92C-3DA0-424C-BE46-23D64359B024}.Debug|x64.ActiveCfg = Debug|Any CPU
		{F867F92C-3DA0-424C-BE46-23D64359B024}.Debug|x64.Build.0 = Debug|Any CPU
		{F867F92C-3DA0-424C-BE46-23D64359B024}.Debug|x86.ActiveCfg = Debug|Any CPU
		{F867F92C-3DA0-424C-BE46-23D64359B024}.Debug|x86.Build.0 = Debug|Any CPU
		{F867F92C-3DA0-424C-BE46-23D64359B024}.Release|Any CPU.ActiveCfg = Release|Any CPU
		{F867F92C-3DA0-424C-BE46-23D64359B024}.Release|Any CPU.Build.0 = Release|Any CPU
		{F867F92C-3DA0-424C-BE46-23D64359B024}.Release|x64.ActiveCfg = Release|Any CPU
		{F867F92C-3DA0-424C-BE46-23D64359B024}.Release|x64.Build.0 = Release|Any CPU
		{F867F92C-3DA0-424C-BE46-23D64359B024}.Release|x86.ActiveCfg = Release|Any CPU
		{F867F92C-3DA0-424C-BE46-23D64359B024}.Release|x86.Build.0 = Release|Any CPU
		{BBB7D5F8-1E41-4BD8-88E8-C5F062B0634D}.Debug|Any CPU.ActiveCfg = Debug|Any CPU
		{BBB7D5F8-1E41-4BD8-88E8-C5F062B0634D}.Debug|Any CPU.Build.0 = Debug|Any CPU
		{BBB7D5F8-1E41-4BD8-88E8-C5F062B0634D}.Debug|x64.ActiveCfg = Debug|Any CPU
		{BBB7D5F8-1E41-4BD8-88E8-C5F062B0634D}.Debug|x64.Build.0 = Debug|Any CPU
		{BBB7D5F8-1E41-4BD8-88E8-C5F062B0634D}.Debug|x86.ActiveCfg = Debug|Any CPU
		{BBB7D5F8-1E41-4BD8-88E8-C5F062B0634D}.Debug|x86.Build.0 = Debug|Any CPU
		{BBB7D5F8-1E41-4BD8-88E8-C5F062B0634D}.Release|Any CPU.ActiveCfg = Release|Any CPU
		{BBB7D5F8-1E41-4BD8-88E8-C5F062B0634D}.Release|Any CPU.Build.0 = Release|Any CPU
		{BBB7D5F8-1E41-4BD8-88E8-C5F062B0634D}.Release|x64.ActiveCfg = Release|Any CPU
		{BBB7D5F8-1E41-4BD8-88E8-C5F062B0634D}.Release|x64.Build.0 = Release|Any CPU
		{BBB7D5F8-1E41-4BD8-88E8-C5F062B0634D}.Release|x86.ActiveCfg = Release|Any CPU
		{BBB7D5F8-1E41-4BD8-88E8-C5F062B0634D}.Release|x86.Build.0 = Release|Any CPU
		{0421A67D-3431-43CA-B003-C34E9795E360}.Debug|Any CPU.ActiveCfg = Debug|Any CPU
		{0421A67D-3431-43CA-B003-C34E9795E360}.Debug|Any CPU.Build.0 = Debug|Any CPU
		{0421A67D-3431-43CA-B003-C34E9795E360}.Debug|x64.ActiveCfg = Debug|Any CPU
		{0421A67D-3431-43CA-B003-C34E9795E360}.Debug|x64.Build.0 = Debug|Any CPU
		{0421A67D-3431-43CA-B003-C34E9795E360}.Debug|x86.ActiveCfg = Debug|Any CPU
		{0421A67D-3431-43CA-B003-C34E9795E360}.Debug|x86.Build.0 = Debug|Any CPU
		{0421A67D-3431-43CA-B003-C34E9795E360}.Release|Any CPU.ActiveCfg = Release|Any CPU
		{0421A67D-3431-43CA-B003-C34E9795E360}.Release|Any CPU.Build.0 = Release|Any CPU
		{0421A67D-3431-43CA-B003-C34E9795E360}.Release|x64.ActiveCfg = Release|Any CPU
		{0421A67D-3431-43CA-B003-C34E9795E360}.Release|x64.Build.0 = Release|Any CPU
		{0421A67D-3431-43CA-B003-C34E9795E360}.Release|x86.ActiveCfg = Release|Any CPU
		{0421A67D-3431-43CA-B003-C34E9795E360}.Release|x86.Build.0 = Release|Any CPU
		{16ADF3C1-3A82-4E8B-9A29-4EACF3B67B30}.Debug|Any CPU.ActiveCfg = Debug|Any CPU
		{16ADF3C1-3A82-4E8B-9A29-4EACF3B67B30}.Debug|Any CPU.Build.0 = Debug|Any CPU
		{16ADF3C1-3A82-4E8B-9A29-4EACF3B67B30}.Debug|x64.ActiveCfg = Debug|Any CPU
		{16ADF3C1-3A82-4E8B-9A29-4EACF3B67B30}.Debug|x64.Build.0 = Debug|Any CPU
		{16ADF3C1-3A82-4E8B-9A29-4EACF3B67B30}.Debug|x86.ActiveCfg = Debug|Any CPU
		{16ADF3C1-3A82-4E8B-9A29-4EACF3B67B30}.Debug|x86.Build.0 = Debug|Any CPU
		{16ADF3C1-3A82-4E8B-9A29-4EACF3B67B30}.Release|Any CPU.ActiveCfg = Release|Any CPU
		{16ADF3C1-3A82-4E8B-9A29-4EACF3B67B30}.Release|Any CPU.Build.0 = Release|Any CPU
		{16ADF3C1-3A82-4E8B-9A29-4EACF3B67B30}.Release|x64.ActiveCfg = Release|Any CPU
		{16ADF3C1-3A82-4E8B-9A29-4EACF3B67B30}.Release|x64.Build.0 = Release|Any CPU
		{16ADF3C1-3A82-4E8B-9A29-4EACF3B67B30}.Release|x86.ActiveCfg = Release|Any CPU
		{16ADF3C1-3A82-4E8B-9A29-4EACF3B67B30}.Release|x86.Build.0 = Release|Any CPU
		{2A0256F6-6442-4C06-95D7-6A150304B557}.Debug|Any CPU.ActiveCfg = Debug|Any CPU
		{2A0256F6-6442-4C06-95D7-6A150304B557}.Debug|Any CPU.Build.0 = Debug|Any CPU
		{2A0256F6-6442-4C06-95D7-6A150304B557}.Debug|x64.ActiveCfg = Debug|Any CPU
		{2A0256F6-6442-4C06-95D7-6A150304B557}.Debug|x64.Build.0 = Debug|Any CPU
		{2A0256F6-6442-4C06-95D7-6A150304B557}.Debug|x86.ActiveCfg = Debug|Any CPU
		{2A0256F6-6442-4C06-95D7-6A150304B557}.Debug|x86.Build.0 = Debug|Any CPU
		{2A0256F6-6442-4C06-95D7-6A150304B557}.Release|Any CPU.ActiveCfg = Release|Any CPU
		{2A0256F6-6442-4C06-95D7-6A150304B557}.Release|Any CPU.Build.0 = Release|Any CPU
		{2A0256F6-6442-4C06-95D7-6A150304B557}.Release|x64.ActiveCfg = Release|Any CPU
		{2A0256F6-6442-4C06-95D7-6A150304B557}.Release|x64.Build.0 = Release|Any CPU
		{2A0256F6-6442-4C06-95D7-6A150304B557}.Release|x86.ActiveCfg = Release|Any CPU
		{2A0256F6-6442-4C06-95D7-6A150304B557}.Release|x86.Build.0 = Release|Any CPU
		{232A4C2C-058E-4536-828F-ADD1EA70CB9C}.Debug|Any CPU.ActiveCfg = Debug|Any CPU
		{232A4C2C-058E-4536-828F-ADD1EA70CB9C}.Debug|Any CPU.Build.0 = Debug|Any CPU
		{232A4C2C-058E-4536-828F-ADD1EA70CB9C}.Debug|x64.ActiveCfg = Debug|Any CPU
		{232A4C2C-058E-4536-828F-ADD1EA70CB9C}.Debug|x64.Build.0 = Debug|Any CPU
		{232A4C2C-058E-4536-828F-ADD1EA70CB9C}.Debug|x86.ActiveCfg = Debug|Any CPU
		{232A4C2C-058E-4536-828F-ADD1EA70CB9C}.Debug|x86.Build.0 = Debug|Any CPU
		{232A4C2C-058E-4536-828F-ADD1EA70CB9C}.Release|Any CPU.ActiveCfg = Release|Any CPU
		{232A4C2C-058E-4536-828F-ADD1EA70CB9C}.Release|Any CPU.Build.0 = Release|Any CPU
		{232A4C2C-058E-4536-828F-ADD1EA70CB9C}.Release|x64.ActiveCfg = Release|Any CPU
		{232A4C2C-058E-4536-828F-ADD1EA70CB9C}.Release|x64.Build.0 = Release|Any CPU
		{232A4C2C-058E-4536-828F-ADD1EA70CB9C}.Release|x86.ActiveCfg = Release|Any CPU
		{232A4C2C-058E-4536-828F-ADD1EA70CB9C}.Release|x86.Build.0 = Release|Any CPU
	EndGlobalSection
	GlobalSection(SolutionProperties) = preSolution
		HideSolutionNode = FALSE
	EndGlobalSection
	GlobalSection(NestedProjects) = preSolution
		{D1BFF532-A4BC-44AC-821C-847700D3850F} = {881589EE-639B-0A35-DBCE-5D94E4FC90C0}
		{F867F92C-3DA0-424C-BE46-23D64359B024} = {881589EE-639B-0A35-DBCE-5D94E4FC90C0}
		{BBB7D5F8-1E41-4BD8-88E8-C5F062B0634D} = {881589EE-639B-0A35-DBCE-5D94E4FC90C0}
		{0421A67D-3431-43CA-B003-C34E9795E360} = {881589EE-639B-0A35-DBCE-5D94E4FC90C0}
		{16ADF3C1-3A82-4E8B-9A29-4EACF3B67B30} = {881589EE-639B-0A35-DBCE-5D94E4FC90C0}
		{2A0256F6-6442-4C06-95D7-6A150304B557} = {0AB3BF05-4346-4AA6-1389-037BE0695223}
		{E20385C6-4CD7-5BF4-C007-71E5EE00BC8D} = {0AB3BF05-4346-4AA6-1389-037BE0695223}
		{232A4C2C-058E-4536-828F-ADD1EA70CB9C} = {E20385C6-4CD7-5BF4-C007-71E5EE00BC8D}
	EndGlobalSection
EndGlobal
