
Microsoft Visual Studio Solution File, Format Version 12.00
Project("{FAE04EC0-301F-11D3-BF4B-00C04F79EFBC}") = "CrawlerService.API", "src\server\crawlerService\CrawlerService.API\CrawlerService.API.csproj", "{2ED3D92A-6C26-4DB4-B2BA-44DA92FCCC06}"
EndProject
Project("{FAE04EC0-301F-11D3-BF4B-00C04F79EFBC}") = "Common.API", "src\server\common\Common.API\Common.API.csproj", "{F9DF9BD9-27B8-408B-A8C8-28595C38A868}"
EndProject
Project("{2150E333-8FDC-42A3-9474-1A3956D46DE8}") = "common", "common", "{84FAE25B-C643-42E9-869E-A40E21EE6037}"
EndProject
Project("{FAE04EC0-301F-11D3-BF4B-00C04F79EFBC}") = "Common", "src\server\common\Common\Common.csproj", "{EA240E2D-571E-4027-A867-8BF3174817F6}"
EndProject
Project("{FAE04EC0-301F-11D3-BF4B-00C04F79EFBC}") = "Logger", "src\server\common\Logger\Logger.csproj", "{9C2F1931-3D4B-426A-B1A3-68379793ABD2}"
EndProject
Project("{FAE04EC0-301F-11D3-BF4B-00C04F79EFBC}") = "CrawlerService.Hangfire", "src\server\crawlerService\CrawlerService.Hangfire\CrawlerService.Hangfire.csproj", "{A918BB80-6A2C-4B2F-8419-B641195819FE}"
EndProject
Project("{FAE04EC0-301F-11D3-BF4B-00C04F79EFBC}") = "CrawlerService.BLL", "src\server\crawlerService\CrawlerService.BLL\CrawlerService.BLL.csproj", "{B84A72C9-6848-49E1-9432-E79C738BF056}"
EndProject
Project("{FAE04EC0-301F-11D3-BF4B-00C04F79EFBC}") = "CrawlerService.DAL", "src\server\crawlerService\CrawlerService.DAL\CrawlerService.DAL.csproj", "{C44D8C3A-2352-4536-A611-8C752C5DB487}"
EndProject
Project("{FAE04EC0-301F-11D3-BF4B-00C04F79EFBC}") = "CrawlerService.Models", "src\server\crawlerService\CrawlerService.Models\CrawlerService.Models.csproj", "{93CF1D5B-AC24-4EEE-97CD-0A5E7FC25996}"
EndProject
Project("{FAE04EC0-301F-11D3-BF4B-00C04F79EFBC}") = "MessageQueue", "src\server\common\MessageQueue\MessageQueue.csproj", "{D86673C4-8CE0-4C61-A85B-15763EDC3E82}"
EndProject
Project("{FAE04EC0-301F-11D3-BF4B-00C04F79EFBC}") = "CrawlerService.BLL.Abstractions", "src\server\crawlerService\CrawlerService.BLL.Abstractions\CrawlerService.BLL.Abstractions.csproj", "{8D69473D-6D67-43A1-AEE6-A524467B8553}"
EndProject
Project("{FAE04EC0-301F-11D3-BF4B-00C04F79EFBC}") = "CrawlerService.DAL.Abstractions", "src\server\crawlerService\CrawlerService.DAL.Abstractions\CrawlerService.DAL.Abstractions.csproj", "{0147AB5B-3342-491C-A27D-D19A0158AEEC}"
EndProject
Project("{2150E333-8FDC-42A3-9474-1A3956D46DE8}") = "tests", "tests", "{CA4D1DC6-EAAD-4968-95DA-4973CA546051}"
EndProject
Project("{FAE04EC0-301F-11D3-BF4B-00C04F79EFBC}") = "CrawlerService.DAL.IntegrationTests", "tests\crawlerService\CrawlerService.DAL.IntegrationTests\CrawlerService.DAL.IntegrationTests.csproj", "{11FD508A-9FD6-4A8E-BD3B-04B4903A9731}"
EndProject
Project("{FAE04EC0-301F-11D3-BF4B-00C04F79EFBC}") = "CrawlerService.BLL.Tests", "tests\crawlerService\CrawlerService.BLL.Tests\CrawlerService.BLL.Tests.csproj", "{D1D77B17-6AFB-4B0C-B26F-86A1D99E5D2D}"
EndProject
Project("{FAE04EC0-301F-11D3-BF4B-00C04F79EFBC}") = "CrawlerService.API.Tests", "tests\crawlerService\CrawlerService.API.Tests\CrawlerService.API.Tests.csproj", "{C8ABABD7-ABE6-488B-80FF-BBCE5A83E245}"
EndProject
Project("{FAE04EC0-301F-11D3-BF4B-00C04F79EFBC}") = "API.Logger", "src\server\common\API.Logger\API.Logger.csproj", "{CBF3761D-2BB4-49A4-A3EF-B52877C8AD28}"
EndProject
Project("{FAE04EC0-301F-11D3-BF4B-00C04F79EFBC}") = "Common.Auth", "src\server\common\Common.Auth\Common.Auth.csproj", "{25ACE1E7-F3AC-46D8-8EC0-6E4855891B6B}"
EndProject
Global
	GlobalSection(SolutionConfigurationPlatforms) = preSolution
		Debug|Any CPU = Debug|Any CPU
		Debug|x64 = Debug|x64
		Debug|x86 = Debug|x86
		Release|Any CPU = Release|Any CPU
		Release|x64 = Release|x64
		Release|x86 = Release|x86
	EndGlobalSection
	GlobalSection(ProjectConfigurationPlatforms) = postSolution
		{2ED3D92A-6C26-4DB4-B2BA-44DA92FCCC06}.Debug|Any CPU.ActiveCfg = Debug|Any CPU
		{2ED3D92A-6C26-4DB4-B2BA-44DA92FCCC06}.Debug|Any CPU.Build.0 = Debug|Any CPU
		{2ED3D92A-6C26-4DB4-B2BA-44DA92FCCC06}.Debug|x64.ActiveCfg = Debug|Any CPU
		{2ED3D92A-6C26-4DB4-B2BA-44DA92FCCC06}.Debug|x64.Build.0 = Debug|Any CPU
		{2ED3D92A-6C26-4DB4-B2BA-44DA92FCCC06}.Debug|x86.ActiveCfg = Debug|Any CPU
		{2ED3D92A-6C26-4DB4-B2BA-44DA92FCCC06}.Debug|x86.Build.0 = Debug|Any CPU
		{2ED3D92A-6C26-4DB4-B2BA-44DA92FCCC06}.Release|Any CPU.ActiveCfg = Release|Any CPU
		{2ED3D92A-6C26-4DB4-B2BA-44DA92FCCC06}.Release|Any CPU.Build.0 = Release|Any CPU
		{2ED3D92A-6C26-4DB4-B2BA-44DA92FCCC06}.Release|x64.ActiveCfg = Release|Any CPU
		{2ED3D92A-6C26-4DB4-B2BA-44DA92FCCC06}.Release|x64.Build.0 = Release|Any CPU
		{2ED3D92A-6C26-4DB4-B2BA-44DA92FCCC06}.Release|x86.ActiveCfg = Release|Any CPU
		{2ED3D92A-6C26-4DB4-B2BA-44DA92FCCC06}.Release|x86.Build.0 = Release|Any CPU
		{F9DF9BD9-27B8-408B-A8C8-28595C38A868}.Debug|Any CPU.ActiveCfg = Debug|Any CPU
		{F9DF9BD9-27B8-408B-A8C8-28595C38A868}.Debug|Any CPU.Build.0 = Debug|Any CPU
		{F9DF9BD9-27B8-408B-A8C8-28595C38A868}.Debug|x64.ActiveCfg = Debug|Any CPU
		{F9DF9BD9-27B8-408B-A8C8-28595C38A868}.Debug|x64.Build.0 = Debug|Any CPU
		{F9DF9BD9-27B8-408B-A8C8-28595C38A868}.Debug|x86.ActiveCfg = Debug|Any CPU
		{F9DF9BD9-27B8-408B-A8C8-28595C38A868}.Debug|x86.Build.0 = Debug|Any CPU
		{F9DF9BD9-27B8-408B-A8C8-28595C38A868}.Release|Any CPU.ActiveCfg = Release|Any CPU
		{F9DF9BD9-27B8-408B-A8C8-28595C38A868}.Release|Any CPU.Build.0 = Release|Any CPU
		{F9DF9BD9-27B8-408B-A8C8-28595C38A868}.Release|x64.ActiveCfg = Release|Any CPU
		{F9DF9BD9-27B8-408B-A8C8-28595C38A868}.Release|x64.Build.0 = Release|Any CPU
		{F9DF9BD9-27B8-408B-A8C8-28595C38A868}.Release|x86.ActiveCfg = Release|Any CPU
		{F9DF9BD9-27B8-408B-A8C8-28595C38A868}.Release|x86.Build.0 = Release|Any CPU
		{EA240E2D-571E-4027-A867-8BF3174817F6}.Debug|Any CPU.ActiveCfg = Debug|Any CPU
		{EA240E2D-571E-4027-A867-8BF3174817F6}.Debug|Any CPU.Build.0 = Debug|Any CPU
		{EA240E2D-571E-4027-A867-8BF3174817F6}.Debug|x64.ActiveCfg = Debug|Any CPU
		{EA240E2D-571E-4027-A867-8BF3174817F6}.Debug|x64.Build.0 = Debug|Any CPU
		{EA240E2D-571E-4027-A867-8BF3174817F6}.Debug|x86.ActiveCfg = Debug|Any CPU
		{EA240E2D-571E-4027-A867-8BF3174817F6}.Debug|x86.Build.0 = Debug|Any CPU
		{EA240E2D-571E-4027-A867-8BF3174817F6}.Release|Any CPU.ActiveCfg = Release|Any CPU
		{EA240E2D-571E-4027-A867-8BF3174817F6}.Release|Any CPU.Build.0 = Release|Any CPU
		{EA240E2D-571E-4027-A867-8BF3174817F6}.Release|x64.ActiveCfg = Release|Any CPU
		{EA240E2D-571E-4027-A867-8BF3174817F6}.Release|x64.Build.0 = Release|Any CPU
		{EA240E2D-571E-4027-A867-8BF3174817F6}.Release|x86.ActiveCfg = Release|Any CPU
		{EA240E2D-571E-4027-A867-8BF3174817F6}.Release|x86.Build.0 = Release|Any CPU
		{9C2F1931-3D4B-426A-B1A3-68379793ABD2}.Debug|Any CPU.ActiveCfg = Debug|Any CPU
		{9C2F1931-3D4B-426A-B1A3-68379793ABD2}.Debug|Any CPU.Build.0 = Debug|Any CPU
		{9C2F1931-3D4B-426A-B1A3-68379793ABD2}.Debug|x64.ActiveCfg = Debug|Any CPU
		{9C2F1931-3D4B-426A-B1A3-68379793ABD2}.Debug|x64.Build.0 = Debug|Any CPU
		{9C2F1931-3D4B-426A-B1A3-68379793ABD2}.Debug|x86.ActiveCfg = Debug|Any CPU
		{9C2F1931-3D4B-426A-B1A3-68379793ABD2}.Debug|x86.Build.0 = Debug|Any CPU
		{9C2F1931-3D4B-426A-B1A3-68379793ABD2}.Release|Any CPU.ActiveCfg = Release|Any CPU
		{9C2F1931-3D4B-426A-B1A3-68379793ABD2}.Release|Any CPU.Build.0 = Release|Any CPU
		{9C2F1931-3D4B-426A-B1A3-68379793ABD2}.Release|x64.ActiveCfg = Release|Any CPU
		{9C2F1931-3D4B-426A-B1A3-68379793ABD2}.Release|x64.Build.0 = Release|Any CPU
		{9C2F1931-3D4B-426A-B1A3-68379793ABD2}.Release|x86.ActiveCfg = Release|Any CPU
		{9C2F1931-3D4B-426A-B1A3-68379793ABD2}.Release|x86.Build.0 = Release|Any CPU
		{A918BB80-6A2C-4B2F-8419-B641195819FE}.Debug|Any CPU.ActiveCfg = Debug|Any CPU
		{A918BB80-6A2C-4B2F-8419-B641195819FE}.Debug|Any CPU.Build.0 = Debug|Any CPU
		{A918BB80-6A2C-4B2F-8419-B641195819FE}.Debug|x64.ActiveCfg = Debug|Any CPU
		{A918BB80-6A2C-4B2F-8419-B641195819FE}.Debug|x64.Build.0 = Debug|Any CPU
		{A918BB80-6A2C-4B2F-8419-B641195819FE}.Debug|x86.ActiveCfg = Debug|Any CPU
		{A918BB80-6A2C-4B2F-8419-B641195819FE}.Debug|x86.Build.0 = Debug|Any CPU
		{A918BB80-6A2C-4B2F-8419-B641195819FE}.Release|Any CPU.ActiveCfg = Release|Any CPU
		{A918BB80-6A2C-4B2F-8419-B641195819FE}.Release|Any CPU.Build.0 = Release|Any CPU
		{A918BB80-6A2C-4B2F-8419-B641195819FE}.Release|x64.ActiveCfg = Release|Any CPU
		{A918BB80-6A2C-4B2F-8419-B641195819FE}.Release|x64.Build.0 = Release|Any CPU
		{A918BB80-6A2C-4B2F-8419-B641195819FE}.Release|x86.ActiveCfg = Release|Any CPU
		{A918BB80-6A2C-4B2F-8419-B641195819FE}.Release|x86.Build.0 = Release|Any CPU
		{B84A72C9-6848-49E1-9432-E79C738BF056}.Debug|Any CPU.ActiveCfg = Debug|Any CPU
		{B84A72C9-6848-49E1-9432-E79C738BF056}.Debug|Any CPU.Build.0 = Debug|Any CPU
		{B84A72C9-6848-49E1-9432-E79C738BF056}.Debug|x64.ActiveCfg = Debug|Any CPU
		{B84A72C9-6848-49E1-9432-E79C738BF056}.Debug|x64.Build.0 = Debug|Any CPU
		{B84A72C9-6848-49E1-9432-E79C738BF056}.Debug|x86.ActiveCfg = Debug|Any CPU
		{B84A72C9-6848-49E1-9432-E79C738BF056}.Debug|x86.Build.0 = Debug|Any CPU
		{B84A72C9-6848-49E1-9432-E79C738BF056}.Release|Any CPU.ActiveCfg = Release|Any CPU
		{B84A72C9-6848-49E1-9432-E79C738BF056}.Release|Any CPU.Build.0 = Release|Any CPU
		{B84A72C9-6848-49E1-9432-E79C738BF056}.Release|x64.ActiveCfg = Release|Any CPU
		{B84A72C9-6848-49E1-9432-E79C738BF056}.Release|x64.Build.0 = Release|Any CPU
		{B84A72C9-6848-49E1-9432-E79C738BF056}.Release|x86.ActiveCfg = Release|Any CPU
		{B84A72C9-6848-49E1-9432-E79C738BF056}.Release|x86.Build.0 = Release|Any CPU
		{C44D8C3A-2352-4536-A611-8C752C5DB487}.Debug|Any CPU.ActiveCfg = Debug|Any CPU
		{C44D8C3A-2352-4536-A611-8C752C5DB487}.Debug|Any CPU.Build.0 = Debug|Any CPU
		{C44D8C3A-2352-4536-A611-8C752C5DB487}.Debug|x64.ActiveCfg = Debug|Any CPU
		{C44D8C3A-2352-4536-A611-8C752C5DB487}.Debug|x64.Build.0 = Debug|Any CPU
		{C44D8C3A-2352-4536-A611-8C752C5DB487}.Debug|x86.ActiveCfg = Debug|Any CPU
		{C44D8C3A-2352-4536-A611-8C752C5DB487}.Debug|x86.Build.0 = Debug|Any CPU
		{C44D8C3A-2352-4536-A611-8C752C5DB487}.Release|Any CPU.ActiveCfg = Release|Any CPU
		{C44D8C3A-2352-4536-A611-8C752C5DB487}.Release|Any CPU.Build.0 = Release|Any CPU
		{C44D8C3A-2352-4536-A611-8C752C5DB487}.Release|x64.ActiveCfg = Release|Any CPU
		{C44D8C3A-2352-4536-A611-8C752C5DB487}.Release|x64.Build.0 = Release|Any CPU
		{C44D8C3A-2352-4536-A611-8C752C5DB487}.Release|x86.ActiveCfg = Release|Any CPU
		{C44D8C3A-2352-4536-A611-8C752C5DB487}.Release|x86.Build.0 = Release|Any CPU
		{93CF1D5B-AC24-4EEE-97CD-0A5E7FC25996}.Debug|Any CPU.ActiveCfg = Debug|Any CPU
		{93CF1D5B-AC24-4EEE-97CD-0A5E7FC25996}.Debug|Any CPU.Build.0 = Debug|Any CPU
		{93CF1D5B-AC24-4EEE-97CD-0A5E7FC25996}.Debug|x64.ActiveCfg = Debug|Any CPU
		{93CF1D5B-AC24-4EEE-97CD-0A5E7FC25996}.Debug|x64.Build.0 = Debug|Any CPU
		{93CF1D5B-AC24-4EEE-97CD-0A5E7FC25996}.Debug|x86.ActiveCfg = Debug|Any CPU
		{93CF1D5B-AC24-4EEE-97CD-0A5E7FC25996}.Debug|x86.Build.0 = Debug|Any CPU
		{93CF1D5B-AC24-4EEE-97CD-0A5E7FC25996}.Release|Any CPU.ActiveCfg = Release|Any CPU
		{93CF1D5B-AC24-4EEE-97CD-0A5E7FC25996}.Release|Any CPU.Build.0 = Release|Any CPU
		{93CF1D5B-AC24-4EEE-97CD-0A5E7FC25996}.Release|x64.ActiveCfg = Release|Any CPU
		{93CF1D5B-AC24-4EEE-97CD-0A5E7FC25996}.Release|x64.Build.0 = Release|Any CPU
		{93CF1D5B-AC24-4EEE-97CD-0A5E7FC25996}.Release|x86.ActiveCfg = Release|Any CPU
		{93CF1D5B-AC24-4EEE-97CD-0A5E7FC25996}.Release|x86.Build.0 = Release|Any CPU
		{D86673C4-8CE0-4C61-A85B-15763EDC3E82}.Debug|Any CPU.ActiveCfg = Debug|Any CPU
		{D86673C4-8CE0-4C61-A85B-15763EDC3E82}.Debug|Any CPU.Build.0 = Debug|Any CPU
		{D86673C4-8CE0-4C61-A85B-15763EDC3E82}.Debug|x64.ActiveCfg = Debug|Any CPU
		{D86673C4-8CE0-4C61-A85B-15763EDC3E82}.Debug|x64.Build.0 = Debug|Any CPU
		{D86673C4-8CE0-4C61-A85B-15763EDC3E82}.Debug|x86.ActiveCfg = Debug|Any CPU
		{D86673C4-8CE0-4C61-A85B-15763EDC3E82}.Debug|x86.Build.0 = Debug|Any CPU
		{D86673C4-8CE0-4C61-A85B-15763EDC3E82}.Release|Any CPU.ActiveCfg = Release|Any CPU
		{D86673C4-8CE0-4C61-A85B-15763EDC3E82}.Release|Any CPU.Build.0 = Release|Any CPU
		{D86673C4-8CE0-4C61-A85B-15763EDC3E82}.Release|x64.ActiveCfg = Release|Any CPU
		{D86673C4-8CE0-4C61-A85B-15763EDC3E82}.Release|x64.Build.0 = Release|Any CPU
		{D86673C4-8CE0-4C61-A85B-15763EDC3E82}.Release|x86.ActiveCfg = Release|Any CPU
		{D86673C4-8CE0-4C61-A85B-15763EDC3E82}.Release|x86.Build.0 = Release|Any CPU
		{8D69473D-6D67-43A1-AEE6-A524467B8553}.Debug|Any CPU.ActiveCfg = Debug|Any CPU
		{8D69473D-6D67-43A1-AEE6-A524467B8553}.Debug|Any CPU.Build.0 = Debug|Any CPU
		{8D69473D-6D67-43A1-AEE6-A524467B8553}.Debug|x64.ActiveCfg = Debug|Any CPU
		{8D69473D-6D67-43A1-AEE6-A524467B8553}.Debug|x64.Build.0 = Debug|Any CPU
		{8D69473D-6D67-43A1-AEE6-A524467B8553}.Debug|x86.ActiveCfg = Debug|Any CPU
		{8D69473D-6D67-43A1-AEE6-A524467B8553}.Debug|x86.Build.0 = Debug|Any CPU
		{8D69473D-6D67-43A1-AEE6-A524467B8553}.Release|Any CPU.ActiveCfg = Release|Any CPU
		{8D69473D-6D67-43A1-AEE6-A524467B8553}.Release|Any CPU.Build.0 = Release|Any CPU
		{8D69473D-6D67-43A1-AEE6-A524467B8553}.Release|x64.ActiveCfg = Release|Any CPU
		{8D69473D-6D67-43A1-AEE6-A524467B8553}.Release|x64.Build.0 = Release|Any CPU
		{8D69473D-6D67-43A1-AEE6-A524467B8553}.Release|x86.ActiveCfg = Release|Any CPU
		{8D69473D-6D67-43A1-AEE6-A524467B8553}.Release|x86.Build.0 = Release|Any CPU
		{0147AB5B-3342-491C-A27D-D19A0158AEEC}.Debug|Any CPU.ActiveCfg = Debug|Any CPU
		{0147AB5B-3342-491C-A27D-D19A0158AEEC}.Debug|Any CPU.Build.0 = Debug|Any CPU
		{0147AB5B-3342-491C-A27D-D19A0158AEEC}.Debug|x64.ActiveCfg = Debug|Any CPU
		{0147AB5B-3342-491C-A27D-D19A0158AEEC}.Debug|x64.Build.0 = Debug|Any CPU
		{0147AB5B-3342-491C-A27D-D19A0158AEEC}.Debug|x86.ActiveCfg = Debug|Any CPU
		{0147AB5B-3342-491C-A27D-D19A0158AEEC}.Debug|x86.Build.0 = Debug|Any CPU
		{0147AB5B-3342-491C-A27D-D19A0158AEEC}.Release|Any CPU.ActiveCfg = Release|Any CPU
		{0147AB5B-3342-491C-A27D-D19A0158AEEC}.Release|Any CPU.Build.0 = Release|Any CPU
		{0147AB5B-3342-491C-A27D-D19A0158AEEC}.Release|x64.ActiveCfg = Release|Any CPU
		{0147AB5B-3342-491C-A27D-D19A0158AEEC}.Release|x64.Build.0 = Release|Any CPU
		{0147AB5B-3342-491C-A27D-D19A0158AEEC}.Release|x86.ActiveCfg = Release|Any CPU
		{0147AB5B-3342-491C-A27D-D19A0158AEEC}.Release|x86.Build.0 = Release|Any CPU
		{11FD508A-9FD6-4A8E-BD3B-04B4903A9731}.Debug|Any CPU.ActiveCfg = Debug|Any CPU
		{11FD508A-9FD6-4A8E-BD3B-04B4903A9731}.Debug|Any CPU.Build.0 = Debug|Any CPU
		{11FD508A-9FD6-4A8E-BD3B-04B4903A9731}.Debug|x64.ActiveCfg = Debug|Any CPU
		{11FD508A-9FD6-4A8E-BD3B-04B4903A9731}.Debug|x64.Build.0 = Debug|Any CPU
		{11FD508A-9FD6-4A8E-BD3B-04B4903A9731}.Debug|x86.ActiveCfg = Debug|Any CPU
		{11FD508A-9FD6-4A8E-BD3B-04B4903A9731}.Debug|x86.Build.0 = Debug|Any CPU
		{11FD508A-9FD6-4A8E-BD3B-04B4903A9731}.Release|Any CPU.ActiveCfg = Release|Any CPU
		{11FD508A-9FD6-4A8E-BD3B-04B4903A9731}.Release|Any CPU.Build.0 = Release|Any CPU
		{11FD508A-9FD6-4A8E-BD3B-04B4903A9731}.Release|x64.ActiveCfg = Release|Any CPU
		{11FD508A-9FD6-4A8E-BD3B-04B4903A9731}.Release|x64.Build.0 = Release|Any CPU
		{11FD508A-9FD6-4A8E-BD3B-04B4903A9731}.Release|x86.ActiveCfg = Release|Any CPU
		{11FD508A-9FD6-4A8E-BD3B-04B4903A9731}.Release|x86.Build.0 = Release|Any CPU
		{D1D77B17-6AFB-4B0C-B26F-86A1D99E5D2D}.Debug|Any CPU.ActiveCfg = Debug|Any CPU
		{D1D77B17-6AFB-4B0C-B26F-86A1D99E5D2D}.Debug|Any CPU.Build.0 = Debug|Any CPU
		{D1D77B17-6AFB-4B0C-B26F-86A1D99E5D2D}.Debug|x64.ActiveCfg = Debug|Any CPU
		{D1D77B17-6AFB-4B0C-B26F-86A1D99E5D2D}.Debug|x64.Build.0 = Debug|Any CPU
		{D1D77B17-6AFB-4B0C-B26F-86A1D99E5D2D}.Debug|x86.ActiveCfg = Debug|Any CPU
		{D1D77B17-6AFB-4B0C-B26F-86A1D99E5D2D}.Debug|x86.Build.0 = Debug|Any CPU
		{D1D77B17-6AFB-4B0C-B26F-86A1D99E5D2D}.Release|Any CPU.ActiveCfg = Release|Any CPU
		{D1D77B17-6AFB-4B0C-B26F-86A1D99E5D2D}.Release|Any CPU.Build.0 = Release|Any CPU
		{D1D77B17-6AFB-4B0C-B26F-86A1D99E5D2D}.Release|x64.ActiveCfg = Release|Any CPU
		{D1D77B17-6AFB-4B0C-B26F-86A1D99E5D2D}.Release|x64.Build.0 = Release|Any CPU
		{D1D77B17-6AFB-4B0C-B26F-86A1D99E5D2D}.Release|x86.ActiveCfg = Release|Any CPU
		{D1D77B17-6AFB-4B0C-B26F-86A1D99E5D2D}.Release|x86.Build.0 = Release|Any CPU
		{C8ABABD7-ABE6-488B-80FF-BBCE5A83E245}.Debug|Any CPU.ActiveCfg = Debug|Any CPU
		{C8ABABD7-ABE6-488B-80FF-BBCE5A83E245}.Debug|Any CPU.Build.0 = Debug|Any CPU
		{C8ABABD7-ABE6-488B-80FF-BBCE5A83E245}.Debug|x64.ActiveCfg = Debug|Any CPU
		{C8ABABD7-ABE6-488B-80FF-BBCE5A83E245}.Debug|x64.Build.0 = Debug|Any CPU
		{C8ABABD7-ABE6-488B-80FF-BBCE5A83E245}.Debug|x86.ActiveCfg = Debug|Any CPU
		{C8ABABD7-ABE6-488B-80FF-BBCE5A83E245}.Debug|x86.Build.0 = Debug|Any CPU
		{C8ABABD7-ABE6-488B-80FF-BBCE5A83E245}.Release|Any CPU.ActiveCfg = Release|Any CPU
		{C8ABABD7-ABE6-488B-80FF-BBCE5A83E245}.Release|Any CPU.Build.0 = Release|Any CPU
		{C8ABABD7-ABE6-488B-80FF-BBCE5A83E245}.Release|x64.ActiveCfg = Release|Any CPU
		{C8ABABD7-ABE6-488B-80FF-BBCE5A83E245}.Release|x64.Build.0 = Release|Any CPU
		{C8ABABD7-ABE6-488B-80FF-BBCE5A83E245}.Release|x86.ActiveCfg = Release|Any CPU
		{C8ABABD7-ABE6-488B-80FF-BBCE5A83E245}.Release|x86.Build.0 = Release|Any CPU
		{CBF3761D-2BB4-49A4-A3EF-B52877C8AD28}.Debug|Any CPU.ActiveCfg = Debug|Any CPU
		{CBF3761D-2BB4-49A4-A3EF-B52877C8AD28}.Debug|Any CPU.Build.0 = Debug|Any CPU
		{CBF3761D-2BB4-49A4-A3EF-B52877C8AD28}.Debug|x64.ActiveCfg = Debug|Any CPU
		{CBF3761D-2BB4-49A4-A3EF-B52877C8AD28}.Debug|x64.Build.0 = Debug|Any CPU
		{CBF3761D-2BB4-49A4-A3EF-B52877C8AD28}.Debug|x86.ActiveCfg = Debug|Any CPU
		{CBF3761D-2BB4-49A4-A3EF-B52877C8AD28}.Debug|x86.Build.0 = Debug|Any CPU
		{CBF3761D-2BB4-49A4-A3EF-B52877C8AD28}.Release|Any CPU.ActiveCfg = Release|Any CPU
		{CBF3761D-2BB4-49A4-A3EF-B52877C8AD28}.Release|Any CPU.Build.0 = Release|Any CPU
		{CBF3761D-2BB4-49A4-A3EF-B52877C8AD28}.Release|x64.ActiveCfg = Release|Any CPU
		{CBF3761D-2BB4-49A4-A3EF-B52877C8AD28}.Release|x64.Build.0 = Release|Any CPU
		{CBF3761D-2BB4-49A4-A3EF-B52877C8AD28}.Release|x86.ActiveCfg = Release|Any CPU
		{CBF3761D-2BB4-49A4-A3EF-B52877C8AD28}.Release|x86.Build.0 = Release|Any CPU
		{25ACE1E7-F3AC-46D8-8EC0-6E4855891B6B}.Debug|Any CPU.ActiveCfg = Debug|Any CPU
		{25ACE1E7-F3AC-46D8-8EC0-6E4855891B6B}.Debug|Any CPU.Build.0 = Debug|Any CPU
		{25ACE1E7-F3AC-46D8-8EC0-6E4855891B6B}.Debug|x64.ActiveCfg = Debug|Any CPU
		{25ACE1E7-F3AC-46D8-8EC0-6E4855891B6B}.Debug|x64.Build.0 = Debug|Any CPU
		{25ACE1E7-F3AC-46D8-8EC0-6E4855891B6B}.Debug|x86.ActiveCfg = Debug|Any CPU
		{25ACE1E7-F3AC-46D8-8EC0-6E4855891B6B}.Debug|x86.Build.0 = Debug|Any CPU
		{25ACE1E7-F3AC-46D8-8EC0-6E4855891B6B}.Release|Any CPU.ActiveCfg = Release|Any CPU
		{25ACE1E7-F3AC-46D8-8EC0-6E4855891B6B}.Release|Any CPU.Build.0 = Release|Any CPU
		{25ACE1E7-F3AC-46D8-8EC0-6E4855891B6B}.Release|x64.ActiveCfg = Release|Any CPU
		{25ACE1E7-F3AC-46D8-8EC0-6E4855891B6B}.Release|x64.Build.0 = Release|Any CPU
		{25ACE1E7-F3AC-46D8-8EC0-6E4855891B6B}.Release|x86.ActiveCfg = Release|Any CPU
		{25ACE1E7-F3AC-46D8-8EC0-6E4855891B6B}.Release|x86.Build.0 = Release|Any CPU
	EndGlobalSection
	GlobalSection(SolutionProperties) = preSolution
		HideSolutionNode = FALSE
	EndGlobalSection
	GlobalSection(NestedProjects) = preSolution
		{F9DF9BD9-27B8-408B-A8C8-28595C38A868} = {84FAE25B-C643-42E9-869E-A40E21EE6037}
		{EA240E2D-571E-4027-A867-8BF3174817F6} = {84FAE25B-C643-42E9-869E-A40E21EE6037}
		{9C2F1931-3D4B-426A-B1A3-68379793ABD2} = {84FAE25B-C643-42E9-869E-A40E21EE6037}
		{D86673C4-8CE0-4C61-A85B-15763EDC3E82} = {84FAE25B-C643-42E9-869E-A40E21EE6037}
		{11FD508A-9FD6-4A8E-BD3B-04B4903A9731} = {CA4D1DC6-EAAD-4968-95DA-4973CA546051}
		{D1D77B17-6AFB-4B0C-B26F-86A1D99E5D2D} = {CA4D1DC6-EAAD-4968-95DA-4973CA546051}
		{C8ABABD7-ABE6-488B-80FF-BBCE5A83E245} = {CA4D1DC6-EAAD-4968-95DA-4973CA546051}
		{CBF3761D-2BB4-49A4-A3EF-B52877C8AD28} = {84FAE25B-C643-42E9-869E-A40E21EE6037}
		{25ACE1E7-F3AC-46D8-8EC0-6E4855891B6B} = {84FAE25B-C643-42E9-869E-A40E21EE6037}
	EndGlobalSection
EndGlobal
