
Microsoft Visual Studio Solution File, Format Version 12.00
Project("{FAE04EC0-301F-11D3-BF4B-00C04F79EFBC}") = "CrawlerService.API", "src\server\crawlerService\CrawlerService.API\CrawlerService.API.csproj", "{2ED3D92A-6C26-4DB4-B2BA-44DA92FCCC06}"
EndProject
Project("{FAE04EC0-301F-11D3-BF4B-00C04F79EFBC}") = "Common.API", "src\server\common\Common.API\Common.API.csproj", "{F9DF9BD9-27B8-408B-A8C8-28595C38A868}"
EndProject
Project("{2150E333-8FDC-42A3-9474-1A3956D46DE8}") = "common", "common", "{84FAE25B-C643-42E9-869E-A40E21EE6037}"
EndProject
Project("{FAE04EC0-301F-11D3-BF4B-00C04F79EFBC}") = "Common", "src\server\common\Common\Common.csproj", "{EA240E2D-571E-4027-A867-8BF3174817F6}"
EndProject
Project("{FAE04EC0-301F-11D3-BF4B-00C04F79EFBC}") = "Logger", "src\server\common\Logger\Logger.csproj", "{9C2F1931-3D4B-426A-B1A3-68379793ABD2}"
EndProject
Project("{FAE04EC0-301F-11D3-BF4B-00C04F79EFBC}") = "CrawlerService.Hangfire", "src\server\crawlerService\CrawlerService.Hangfire\CrawlerService.Hangfire.csproj", "{A918BB80-6A2C-4B2F-8419-B641195819FE}"
EndProject
Project("{FAE04EC0-301F-11D3-BF4B-00C04F79EFBC}") = "CrawlerService.BLL", "src\server\crawlerService\CrawlerService.BLL\CrawlerService.BLL.csproj", "{B84A72C9-6848-49E1-9432-E79C738BF056}"
EndProject
Project("{FAE04EC0-301F-11D3-BF4B-00C04F79EFBC}") = "CrawlerService.DAL", "src\server\crawlerService\CrawlerService.DAL\CrawlerService.DAL.csproj", "{C44D8C3A-2352-4536-A611-8C752C5DB487}"
EndProject
Project("{FAE04EC0-301F-11D3-BF4B-00C04F79EFBC}") = "CrawlerService.Models", "src\server\crawlerService\CrawlerService.Models\CrawlerService.Models.csproj", "{93CF1D5B-AC24-4EEE-97CD-0A5E7FC25996}"
EndProject
Project("{FAE04EC0-301F-11D3-BF4B-00C04F79EFBC}") = "CrawlerService.Hangfire.Abstractions", "src\server\crawlerService\CrawlerService.Hangfire.Abstractions\CrawlerService.Hangfire.Abstractions.csproj", "{ED653C49-59E5-4CAF-806A-674D2D1357E3}"
EndProject
Project("{FAE04EC0-301F-11D3-BF4B-00C04F79EFBC}") = "CrawlerService.Hangfire.Models", "src\server\crawlerService\CrawlerService.Hangfire.Models\CrawlerService.Hangfire.Models.csproj", "{943E0333-665C-40BF-AAD1-B700434A181D}"
EndProject
Global
	GlobalSection(SolutionConfigurationPlatforms) = preSolution
		Debug|Any CPU = Debug|Any CPU
		Release|Any CPU = Release|Any CPU
	EndGlobalSection
	GlobalSection(ProjectConfigurationPlatforms) = postSolution
		{2ED3D92A-6C26-4DB4-B2BA-44DA92FCCC06}.Debug|Any CPU.ActiveCfg = Debug|Any CPU
		{2ED3D92A-6C26-4DB4-B2BA-44DA92FCCC06}.Debug|Any CPU.Build.0 = Debug|Any CPU
		{2ED3D92A-6C26-4DB4-B2BA-44DA92FCCC06}.Release|Any CPU.ActiveCfg = Release|Any CPU
		{2ED3D92A-6C26-4DB4-B2BA-44DA92FCCC06}.Release|Any CPU.Build.0 = Release|Any CPU
		{F9DF9BD9-27B8-408B-A8C8-28595C38A868}.Debug|Any CPU.ActiveCfg = Debug|Any CPU
		{F9DF9BD9-27B8-408B-A8C8-28595C38A868}.Debug|Any CPU.Build.0 = Debug|Any CPU
		{F9DF9BD9-27B8-408B-A8C8-28595C38A868}.Release|Any CPU.ActiveCfg = Release|Any CPU
		{F9DF9BD9-27B8-408B-A8C8-28595C38A868}.Release|Any CPU.Build.0 = Release|Any CPU
		{EA240E2D-571E-4027-A867-8BF3174817F6}.Debug|Any CPU.ActiveCfg = Debug|Any CPU
		{EA240E2D-571E-4027-A867-8BF3174817F6}.Debug|Any CPU.Build.0 = Debug|Any CPU
		{EA240E2D-571E-4027-A867-8BF3174817F6}.Release|Any CPU.ActiveCfg = Release|Any CPU
		{EA240E2D-571E-4027-A867-8BF3174817F6}.Release|Any CPU.Build.0 = Release|Any CPU
		{9C2F1931-3D4B-426A-B1A3-68379793ABD2}.Debug|Any CPU.ActiveCfg = Debug|Any CPU
		{9C2F1931-3D4B-426A-B1A3-68379793ABD2}.Debug|Any CPU.Build.0 = Debug|Any CPU
		{9C2F1931-3D4B-426A-B1A3-68379793ABD2}.Release|Any CPU.ActiveCfg = Release|Any CPU
		{9C2F1931-3D4B-426A-B1A3-68379793ABD2}.Release|Any CPU.Build.0 = Release|Any CPU
		{A918BB80-6A2C-4B2F-8419-B641195819FE}.Debug|Any CPU.ActiveCfg = Debug|Any CPU
		{A918BB80-6A2C-4B2F-8419-B641195819FE}.Debug|Any CPU.Build.0 = Debug|Any CPU
		{A918BB80-6A2C-4B2F-8419-B641195819FE}.Release|Any CPU.ActiveCfg = Release|Any CPU
		{A918BB80-6A2C-4B2F-8419-B641195819FE}.Release|Any CPU.Build.0 = Release|Any CPU
		{B84A72C9-6848-49E1-9432-E79C738BF056}.Debug|Any CPU.ActiveCfg = Debug|Any CPU
		{B84A72C9-6848-49E1-9432-E79C738BF056}.Debug|Any CPU.Build.0 = Debug|Any CPU
		{B84A72C9-6848-49E1-9432-E79C738BF056}.Release|Any CPU.ActiveCfg = Release|Any CPU
		{B84A72C9-6848-49E1-9432-E79C738BF056}.Release|Any CPU.Build.0 = Release|Any CPU
		{C44D8C3A-2352-4536-A611-8C752C5DB487}.Debug|Any CPU.ActiveCfg = Debug|Any CPU
		{C44D8C3A-2352-4536-A611-8C752C5DB487}.Debug|Any CPU.Build.0 = Debug|Any CPU
		{C44D8C3A-2352-4536-A611-8C752C5DB487}.Release|Any CPU.ActiveCfg = Release|Any CPU
		{C44D8C3A-2352-4536-A611-8C752C5DB487}.Release|Any CPU.Build.0 = Release|Any CPU
		{93CF1D5B-AC24-4EEE-97CD-0A5E7FC25996}.Debug|Any CPU.ActiveCfg = Debug|Any CPU
		{93CF1D5B-AC24-4EEE-97CD-0A5E7FC25996}.Debug|Any CPU.Build.0 = Debug|Any CPU
		{93CF1D5B-AC24-4EEE-97CD-0A5E7FC25996}.Release|Any CPU.ActiveCfg = Release|Any CPU
		{93CF1D5B-AC24-4EEE-97CD-0A5E7FC25996}.Release|Any CPU.Build.0 = Release|Any CPU
		{ED653C49-59E5-4CAF-806A-674D2D1357E3}.Debug|Any CPU.ActiveCfg = Debug|Any CPU
		{ED653C49-59E5-4CAF-806A-674D2D1357E3}.Debug|Any CPU.Build.0 = Debug|Any CPU
		{ED653C49-59E5-4CAF-806A-674D2D1357E3}.Release|Any CPU.ActiveCfg = Release|Any CPU
		{ED653C49-59E5-4CAF-806A-674D2D1357E3}.Release|Any CPU.Build.0 = Release|Any CPU
		{943E0333-665C-40BF-AAD1-B700434A181D}.Debug|Any CPU.ActiveCfg = Debug|Any CPU
		{943E0333-665C-40BF-AAD1-B700434A181D}.Debug|Any CPU.Build.0 = Debug|Any CPU
		{943E0333-665C-40BF-AAD1-B700434A181D}.Release|Any CPU.ActiveCfg = Release|Any CPU
		{943E0333-665C-40BF-AAD1-B700434A181D}.Release|Any CPU.Build.0 = Release|Any CPU
	EndGlobalSection
	GlobalSection(NestedProjects) = preSolution
		{F9DF9BD9-27B8-408B-A8C8-28595C38A868} = {84FAE25B-C643-42E9-869E-A40E21EE6037}
		{EA240E2D-571E-4027-A867-8BF3174817F6} = {84FAE25B-C643-42E9-869E-A40E21EE6037}
		{9C2F1931-3D4B-426A-B1A3-68379793ABD2} = {84FAE25B-C643-42E9-869E-A40E21EE6037}
	EndGlobalSection
EndGlobal
