
Microsoft Visual Studio Solution File, Format Version 12.00
Project("{FAE04EC0-301F-11D3-BF4B-00C04F79EFBC}") = "NewsService.API", "src\server\newsService\NewsService.API\NewsService.API.csproj", "{E4FA8C13-7CEC-4BE6-9E93-B50FACC60EAF}"
EndProject
Project("{FAE04EC0-301F-11D3-BF4B-00C04F79EFBC}") = "NewsService.BLL", "src\server\newsService\NewsService.BLL\NewsService.BLL.csproj", "{BA2F027B-7304-43E2-8290-DF3492757788}"
EndProject
Project("{FAE04EC0-301F-11D3-BF4B-00C04F79EFBC}") = "NewsService.Models", "src\server\newsService\NewsService.Models\NewsService.Models.csproj", "{71788B5F-BFA9-4AC9-B0C8-569232AC8421}"
EndProject
Project("{FAE04EC0-301F-11D3-BF4B-00C04F79EFBC}") = "NewsService.DAL.PostgreSql", "src\server\newsService\NewsService.DAL.PostgreSql\NewsService.DAL.PostgreSql.csproj", "{0BF16112-8DF8-4005-B8CA-8A87E7A6CBDF}"
EndProject
Project("{FAE04EC0-301F-11D3-BF4B-00C04F79EFBC}") = "NewsService.DAL.Abstractions", "src\server\newsService\NewsService.DAL.Abstractions\NewsService.DAL.Abstractions.csproj", "{9FE3B2F7-3DC7-4AC4-9DED-E108C2BBB5B8}"
EndProject
Project("{2150E333-8FDC-42A3-9474-1A3956D46DE8}") = "common", "common", "{45D4BB88-896D-4E5D-BA61-9F3B4FAA7550}"
EndProject
Project("{FAE04EC0-301F-11D3-BF4B-00C04F79EFBC}") = "Common.API", "src\server\common\Common.API\Common.API.csproj", "{19127C3A-9DF3-4FAE-A6F1-2E05D2929A2A}"
EndProject
Project("{FAE04EC0-301F-11D3-BF4B-00C04F79EFBC}") = "Common", "src\server\common\Common\Common.csproj", "{A603F7A8-30CB-431F-9AEE-C761B52EFA12}"
EndProject
Project("{FAE04EC0-301F-11D3-BF4B-00C04F79EFBC}") = "Logger", "src\server\common\Logger\Logger.csproj", "{2A00ED11-CF0B-4549-89B9-AED6A477709D}"
EndProject
Global
	GlobalSection(SolutionConfigurationPlatforms) = preSolution
		Debug|Any CPU = Debug|Any CPU
		Release|Any CPU = Release|Any CPU
	EndGlobalSection
	GlobalSection(ProjectConfigurationPlatforms) = postSolution
		{E4FA8C13-7CEC-4BE6-9E93-B50FACC60EAF}.Debug|Any CPU.ActiveCfg = Debug|Any CPU
		{E4FA8C13-7CEC-4BE6-9E93-B50FACC60EAF}.Debug|Any CPU.Build.0 = Debug|Any CPU
		{E4FA8C13-7CEC-4BE6-9E93-B50FACC60EAF}.Release|Any CPU.ActiveCfg = Release|Any CPU
		{E4FA8C13-7CEC-4BE6-9E93-B50FACC60EAF}.Release|Any CPU.Build.0 = Release|Any CPU
		{BA2F027B-7304-43E2-8290-DF3492757788}.Debug|Any CPU.ActiveCfg = Debug|Any CPU
		{BA2F027B-7304-43E2-8290-DF3492757788}.Debug|Any CPU.Build.0 = Debug|Any CPU
		{BA2F027B-7304-43E2-8290-DF3492757788}.Release|Any CPU.ActiveCfg = Release|Any CPU
		{BA2F027B-7304-43E2-8290-DF3492757788}.Release|Any CPU.Build.0 = Release|Any CPU
		{71788B5F-BFA9-4AC9-B0C8-569232AC8421}.Debug|Any CPU.ActiveCfg = Debug|Any CPU
		{71788B5F-BFA9-4AC9-B0C8-569232AC8421}.Debug|Any CPU.Build.0 = Debug|Any CPU
		{71788B5F-BFA9-4AC9-B0C8-569232AC8421}.Release|Any CPU.ActiveCfg = Release|Any CPU
		{71788B5F-BFA9-4AC9-B0C8-569232AC8421}.Release|Any CPU.Build.0 = Release|Any CPU
		{0BF16112-8DF8-4005-B8CA-8A87E7A6CBDF}.Debug|Any CPU.ActiveCfg = Debug|Any CPU
		{0BF16112-8DF8-4005-B8CA-8A87E7A6CBDF}.Debug|Any CPU.Build.0 = Debug|Any CPU
		{0BF16112-8DF8-4005-B8CA-8A87E7A6CBDF}.Release|Any CPU.ActiveCfg = Release|Any CPU
		{0BF16112-8DF8-4005-B8CA-8A87E7A6CBDF}.Release|Any CPU.Build.0 = Release|Any CPU
		{9FE3B2F7-3DC7-4AC4-9DED-E108C2BBB5B8}.Debug|Any CPU.ActiveCfg = Debug|Any CPU
		{9FE3B2F7-3DC7-4AC4-9DED-E108C2BBB5B8}.Debug|Any CPU.Build.0 = Debug|Any CPU
		{9FE3B2F7-3DC7-4AC4-9DED-E108C2BBB5B8}.Release|Any CPU.ActiveCfg = Release|Any CPU
		{9FE3B2F7-3DC7-4AC4-9DED-E108C2BBB5B8}.Release|Any CPU.Build.0 = Release|Any CPU
		{19127C3A-9DF3-4FAE-A6F1-2E05D2929A2A}.Debug|Any CPU.ActiveCfg = Debug|Any CPU
		{19127C3A-9DF3-4FAE-A6F1-2E05D2929A2A}.Debug|Any CPU.Build.0 = Debug|Any CPU
		{19127C3A-9DF3-4FAE-A6F1-2E05D2929A2A}.Release|Any CPU.ActiveCfg = Release|Any CPU
		{19127C3A-9DF3-4FAE-A6F1-2E05D2929A2A}.Release|Any CPU.Build.0 = Release|Any CPU
		{A603F7A8-30CB-431F-9AEE-C761B52EFA12}.Debug|Any CPU.ActiveCfg = Debug|Any CPU
		{A603F7A8-30CB-431F-9AEE-C761B52EFA12}.Debug|Any CPU.Build.0 = Debug|Any CPU
		{A603F7A8-30CB-431F-9AEE-C761B52EFA12}.Release|Any CPU.ActiveCfg = Release|Any CPU
		{A603F7A8-30CB-431F-9AEE-C761B52EFA12}.Release|Any CPU.Build.0 = Release|Any CPU
		{2A00ED11-CF0B-4549-89B9-AED6A477709D}.Debug|Any CPU.ActiveCfg = Debug|Any CPU
		{2A00ED11-CF0B-4549-89B9-AED6A477709D}.Debug|Any CPU.Build.0 = Debug|Any CPU
		{2A00ED11-CF0B-4549-89B9-AED6A477709D}.Release|Any CPU.ActiveCfg = Release|Any CPU
		{2A00ED11-CF0B-4549-89B9-AED6A477709D}.Release|Any CPU.Build.0 = Release|Any CPU
	EndGlobalSection
	GlobalSection(NestedProjects) = preSolution
		{19127C3A-9DF3-4FAE-A6F1-2E05D2929A2A} = {45D4BB88-896D-4E5D-BA61-9F3B4FAA7550}
		{A603F7A8-30CB-431F-9AEE-C761B52EFA12} = {45D4BB88-896D-4E5D-BA61-9F3B4FAA7550}
		{2A00ED11-CF0B-4549-89B9-AED6A477709D} = {45D4BB88-896D-4E5D-BA61-9F3B4FAA7550}
	EndGlobalSection
EndGlobal
