
Microsoft Visual Studio Solution File, Format Version 12.00
Project("{FAE04EC0-301F-11D3-BF4B-00C04F79EFBC}") = "NewsService.API", "src\server\newsService\NewsService.API\NewsService.API.csproj", "{E4FA8C13-7CEC-4BE6-9E93-B50FACC60EAF}"
EndProject
Project("{FAE04EC0-301F-11D3-BF4B-00C04F79EFBC}") = "NewsService.BLL", "src\server\newsService\NewsService.BLL\NewsService.BLL.csproj", "{BA2F027B-7304-43E2-8290-DF3492757788}"
EndProject
Project("{FAE04EC0-301F-11D3-BF4B-00C04F79EFBC}") = "NewsService.Models", "src\server\newsService\NewsService.Models\NewsService.Models.csproj", "{71788B5F-BFA9-4AC9-B0C8-569232AC8421}"
EndProject
Project("{FAE04EC0-301F-11D3-BF4B-00C04F79EFBC}") = "NewsService.DAL.PostgreSql", "src\server\newsService\NewsService.DAL.PostgreSql\NewsService.DAL.PostgreSql.csproj", "{0BF16112-8DF8-4005-B8CA-8A87E7A6CBDF}"
EndProject
Project("{FAE04EC0-301F-11D3-BF4B-00C04F79EFBC}") = "NewsService.DAL.Abstractions", "src\server\newsService\NewsService.DAL.Abstractions\NewsService.DAL.Abstractions.csproj", "{9FE3B2F7-3DC7-4AC4-9DED-E108C2BBB5B8}"
EndProject
Project("{2150E333-8FDC-42A3-9474-1A3956D46DE8}") = "common", "common", "{45D4BB88-896D-4E5D-BA61-9F3B4FAA7550}"
EndProject
Project("{FAE04EC0-301F-11D3-BF4B-00C04F79EFBC}") = "Common.API", "src\server\common\Common.API\Common.API.csproj", "{19127C3A-9DF3-4FAE-A6F1-2E05D2929A2A}"
EndProject
Project("{FAE04EC0-301F-11D3-BF4B-00C04F79EFBC}") = "Common", "src\server\common\Common\Common.csproj", "{A603F7A8-30CB-431F-9AEE-C761B52EFA12}"
EndProject
Project("{FAE04EC0-301F-11D3-BF4B-00C04F79EFBC}") = "Logger", "src\server\common\Logger\Logger.csproj", "{2A00ED11-CF0B-4549-89B9-AED6A477709D}"
EndProject
Project("{FAE04EC0-301F-11D3-BF4B-00C04F79EFBC}") = "MessageQueue", "src\server\common\MessageQueue\MessageQueue.csproj", "{52070E4B-694A-4D2E-813D-AA6505FA5148}"
EndProject
Project("{FAE04EC0-301F-11D3-BF4B-00C04F79EFBC}") = "NewsService.BLL.Abstractions", "src\server\newsService\NewsService.BLL.Abstractions\NewsService.BLL.Abstractions.csproj", "{4929E081-155E-4018-9931-D2E293D00F49}"
EndProject
Project("{2150E333-8FDC-42A3-9474-1A3956D46DE8}") = "tests", "tests", "{2B314985-C3A2-4832-A971-F9CC024AA549}"
EndProject
Project("{FAE04EC0-301F-11D3-BF4B-00C04F79EFBC}") = "NewsService.BLL.Tests", "tests\newsService\NewsService.BLL.Tests\NewsService.BLL.Tests.csproj", "{1D28B25F-882C-43FE-914E-FFD83EA6901E}"
EndProject
Project("{2150E333-8FDC-42A3-9474-1A3956D46DE8}") = "src", "src", "{827E0CD3-B72D-47B6-A68D-7590B98EB39B}"
EndProject
Project("{2150E333-8FDC-42A3-9474-1A3956D46DE8}") = "server", "server", "{E6B48023-E680-40DA-9E17-319585C26937}"
EndProject
Project("{2150E333-8FDC-42A3-9474-1A3956D46DE8}") = "common", "common", "{D44E6B09-24B4-AB60-910B-327FF8A95858}"
EndProject
Project("{FAE04EC0-301F-11D3-BF4B-00C04F79EFBC}") = "API.Logger", "src\server\common\API.Logger\API.Logger.csproj", "{DDB300F0-726A-45A2-87B7-55EB4DFD1FD4}"
EndProject
Global
	GlobalSection(SolutionConfigurationPlatforms) = preSolution
		Debug|Any CPU = Debug|Any CPU
		Debug|x64 = Debug|x64
		Debug|x86 = Debug|x86
		Release|Any CPU = Release|Any CPU
		Release|x64 = Release|x64
		Release|x86 = Release|x86
	EndGlobalSection
	GlobalSection(ProjectConfigurationPlatforms) = postSolution
		{E4FA8C13-7CEC-4BE6-9E93-B50FACC60EAF}.Debug|Any CPU.ActiveCfg = Debug|Any CPU
		{E4FA8C13-7CEC-4BE6-9E93-B50FACC60EAF}.Debug|Any CPU.Build.0 = Debug|Any CPU
		{E4FA8C13-7CEC-4BE6-9E93-B50FACC60EAF}.Debug|x64.ActiveCfg = Debug|Any CPU
		{E4FA8C13-7CEC-4BE6-9E93-B50FACC60EAF}.Debug|x64.Build.0 = Debug|Any CPU
		{E4FA8C13-7CEC-4BE6-9E93-B50FACC60EAF}.Debug|x86.ActiveCfg = Debug|Any CPU
		{E4FA8C13-7CEC-4BE6-9E93-B50FACC60EAF}.Debug|x86.Build.0 = Debug|Any CPU
		{E4FA8C13-7CEC-4BE6-9E93-B50FACC60EAF}.Release|Any CPU.ActiveCfg = Release|Any CPU
		{E4FA8C13-7CEC-4BE6-9E93-B50FACC60EAF}.Release|Any CPU.Build.0 = Release|Any CPU
		{E4FA8C13-7CEC-4BE6-9E93-B50FACC60EAF}.Release|x64.ActiveCfg = Release|Any CPU
		{E4FA8C13-7CEC-4BE6-9E93-B50FACC60EAF}.Release|x64.Build.0 = Release|Any CPU
		{E4FA8C13-7CEC-4BE6-9E93-B50FACC60EAF}.Release|x86.ActiveCfg = Release|Any CPU
		{E4FA8C13-7CEC-4BE6-9E93-B50FACC60EAF}.Release|x86.Build.0 = Release|Any CPU
		{BA2F027B-7304-43E2-8290-DF3492757788}.Debug|Any CPU.ActiveCfg = Debug|Any CPU
		{BA2F027B-7304-43E2-8290-DF3492757788}.Debug|Any CPU.Build.0 = Debug|Any CPU
		{BA2F027B-7304-43E2-8290-DF3492757788}.Debug|x64.ActiveCfg = Debug|Any CPU
		{BA2F027B-7304-43E2-8290-DF3492757788}.Debug|x64.Build.0 = Debug|Any CPU
		{BA2F027B-7304-43E2-8290-DF3492757788}.Debug|x86.ActiveCfg = Debug|Any CPU
		{BA2F027B-7304-43E2-8290-DF3492757788}.Debug|x86.Build.0 = Debug|Any CPU
		{BA2F027B-7304-43E2-8290-DF3492757788}.Release|Any CPU.ActiveCfg = Release|Any CPU
		{BA2F027B-7304-43E2-8290-DF3492757788}.Release|Any CPU.Build.0 = Release|Any CPU
		{BA2F027B-7304-43E2-8290-DF3492757788}.Release|x64.ActiveCfg = Release|Any CPU
		{BA2F027B-7304-43E2-8290-DF3492757788}.Release|x64.Build.0 = Release|Any CPU
		{BA2F027B-7304-43E2-8290-DF3492757788}.Release|x86.ActiveCfg = Release|Any CPU
		{BA2F027B-7304-43E2-8290-DF3492757788}.Release|x86.Build.0 = Release|Any CPU
		{71788B5F-BFA9-4AC9-B0C8-569232AC8421}.Debug|Any CPU.ActiveCfg = Debug|Any CPU
		{71788B5F-BFA9-4AC9-B0C8-569232AC8421}.Debug|Any CPU.Build.0 = Debug|Any CPU
		{71788B5F-BFA9-4AC9-B0C8-569232AC8421}.Debug|x64.ActiveCfg = Debug|Any CPU
		{71788B5F-BFA9-4AC9-B0C8-569232AC8421}.Debug|x64.Build.0 = Debug|Any CPU
		{71788B5F-BFA9-4AC9-B0C8-569232AC8421}.Debug|x86.ActiveCfg = Debug|Any CPU
		{71788B5F-BFA9-4AC9-B0C8-569232AC8421}.Debug|x86.Build.0 = Debug|Any CPU
		{71788B5F-BFA9-4AC9-B0C8-569232AC8421}.Release|Any CPU.ActiveCfg = Release|Any CPU
		{71788B5F-BFA9-4AC9-B0C8-569232AC8421}.Release|Any CPU.Build.0 = Release|Any CPU
		{71788B5F-BFA9-4AC9-B0C8-569232AC8421}.Release|x64.ActiveCfg = Release|Any CPU
		{71788B5F-BFA9-4AC9-B0C8-569232AC8421}.Release|x64.Build.0 = Release|Any CPU
		{71788B5F-BFA9-4AC9-B0C8-569232AC8421}.Release|x86.ActiveCfg = Release|Any CPU
		{71788B5F-BFA9-4AC9-B0C8-569232AC8421}.Release|x86.Build.0 = Release|Any CPU
		{0BF16112-8DF8-4005-B8CA-8A87E7A6CBDF}.Debug|Any CPU.ActiveCfg = Debug|Any CPU
		{0BF16112-8DF8-4005-B8CA-8A87E7A6CBDF}.Debug|Any CPU.Build.0 = Debug|Any CPU
		{0BF16112-8DF8-4005-B8CA-8A87E7A6CBDF}.Debug|x64.ActiveCfg = Debug|Any CPU
		{0BF16112-8DF8-4005-B8CA-8A87E7A6CBDF}.Debug|x64.Build.0 = Debug|Any CPU
		{0BF16112-8DF8-4005-B8CA-8A87E7A6CBDF}.Debug|x86.ActiveCfg = Debug|Any CPU
		{0BF16112-8DF8-4005-B8CA-8A87E7A6CBDF}.Debug|x86.Build.0 = Debug|Any CPU
		{0BF16112-8DF8-4005-B8CA-8A87E7A6CBDF}.Release|Any CPU.ActiveCfg = Release|Any CPU
		{0BF16112-8DF8-4005-B8CA-8A87E7A6CBDF}.Release|Any CPU.Build.0 = Release|Any CPU
		{0BF16112-8DF8-4005-B8CA-8A87E7A6CBDF}.Release|x64.ActiveCfg = Release|Any CPU
		{0BF16112-8DF8-4005-B8CA-8A87E7A6CBDF}.Release|x64.Build.0 = Release|Any CPU
		{0BF16112-8DF8-4005-B8CA-8A87E7A6CBDF}.Release|x86.ActiveCfg = Release|Any CPU
		{0BF16112-8DF8-4005-B8CA-8A87E7A6CBDF}.Release|x86.Build.0 = Release|Any CPU
		{9FE3B2F7-3DC7-4AC4-9DED-E108C2BBB5B8}.Debug|Any CPU.ActiveCfg = Debug|Any CPU
		{9FE3B2F7-3DC7-4AC4-9DED-E108C2BBB5B8}.Debug|Any CPU.Build.0 = Debug|Any CPU
		{9FE3B2F7-3DC7-4AC4-9DED-E108C2BBB5B8}.Debug|x64.ActiveCfg = Debug|Any CPU
		{9FE3B2F7-3DC7-4AC4-9DED-E108C2BBB5B8}.Debug|x64.Build.0 = Debug|Any CPU
		{9FE3B2F7-3DC7-4AC4-9DED-E108C2BBB5B8}.Debug|x86.ActiveCfg = Debug|Any CPU
		{9FE3B2F7-3DC7-4AC4-9DED-E108C2BBB5B8}.Debug|x86.Build.0 = Debug|Any CPU
		{9FE3B2F7-3DC7-4AC4-9DED-E108C2BBB5B8}.Release|Any CPU.ActiveCfg = Release|Any CPU
		{9FE3B2F7-3DC7-4AC4-9DED-E108C2BBB5B8}.Release|Any CPU.Build.0 = Release|Any CPU
		{9FE3B2F7-3DC7-4AC4-9DED-E108C2BBB5B8}.Release|x64.ActiveCfg = Release|Any CPU
		{9FE3B2F7-3DC7-4AC4-9DED-E108C2BBB5B8}.Release|x64.Build.0 = Release|Any CPU
		{9FE3B2F7-3DC7-4AC4-9DED-E108C2BBB5B8}.Release|x86.ActiveCfg = Release|Any CPU
		{9FE3B2F7-3DC7-4AC4-9DED-E108C2BBB5B8}.Release|x86.Build.0 = Release|Any CPU
		{19127C3A-9DF3-4FAE-A6F1-2E05D2929A2A}.Debug|Any CPU.ActiveCfg = Debug|Any CPU
		{19127C3A-9DF3-4FAE-A6F1-2E05D2929A2A}.Debug|Any CPU.Build.0 = Debug|Any CPU
		{19127C3A-9DF3-4FAE-A6F1-2E05D2929A2A}.Debug|x64.ActiveCfg = Debug|Any CPU
		{19127C3A-9DF3-4FAE-A6F1-2E05D2929A2A}.Debug|x64.Build.0 = Debug|Any CPU
		{19127C3A-9DF3-4FAE-A6F1-2E05D2929A2A}.Debug|x86.ActiveCfg = Debug|Any CPU
		{19127C3A-9DF3-4FAE-A6F1-2E05D2929A2A}.Debug|x86.Build.0 = Debug|Any CPU
		{19127C3A-9DF3-4FAE-A6F1-2E05D2929A2A}.Release|Any CPU.ActiveCfg = Release|Any CPU
		{19127C3A-9DF3-4FAE-A6F1-2E05D2929A2A}.Release|Any CPU.Build.0 = Release|Any CPU
		{19127C3A-9DF3-4FAE-A6F1-2E05D2929A2A}.Release|x64.ActiveCfg = Release|Any CPU
		{19127C3A-9DF3-4FAE-A6F1-2E05D2929A2A}.Release|x64.Build.0 = Release|Any CPU
		{19127C3A-9DF3-4FAE-A6F1-2E05D2929A2A}.Release|x86.ActiveCfg = Release|Any CPU
		{19127C3A-9DF3-4FAE-A6F1-2E05D2929A2A}.Release|x86.Build.0 = Release|Any CPU
		{A603F7A8-30CB-431F-9AEE-C761B52EFA12}.Debug|Any CPU.ActiveCfg = Debug|Any CPU
		{A603F7A8-30CB-431F-9AEE-C761B52EFA12}.Debug|Any CPU.Build.0 = Debug|Any CPU
		{A603F7A8-30CB-431F-9AEE-C761B52EFA12}.Debug|x64.ActiveCfg = Debug|Any CPU
		{A603F7A8-30CB-431F-9AEE-C761B52EFA12}.Debug|x64.Build.0 = Debug|Any CPU
		{A603F7A8-30CB-431F-9AEE-C761B52EFA12}.Debug|x86.ActiveCfg = Debug|Any CPU
		{A603F7A8-30CB-431F-9AEE-C761B52EFA12}.Debug|x86.Build.0 = Debug|Any CPU
		{A603F7A8-30CB-431F-9AEE-C761B52EFA12}.Release|Any CPU.ActiveCfg = Release|Any CPU
		{A603F7A8-30CB-431F-9AEE-C761B52EFA12}.Release|Any CPU.Build.0 = Release|Any CPU
		{A603F7A8-30CB-431F-9AEE-C761B52EFA12}.Release|x64.ActiveCfg = Release|Any CPU
		{A603F7A8-30CB-431F-9AEE-C761B52EFA12}.Release|x64.Build.0 = Release|Any CPU
		{A603F7A8-30CB-431F-9AEE-C761B52EFA12}.Release|x86.ActiveCfg = Release|Any CPU
		{A603F7A8-30CB-431F-9AEE-C761B52EFA12}.Release|x86.Build.0 = Release|Any CPU
		{2A00ED11-CF0B-4549-89B9-AED6A477709D}.Debug|Any CPU.ActiveCfg = Debug|Any CPU
		{2A00ED11-CF0B-4549-89B9-AED6A477709D}.Debug|Any CPU.Build.0 = Debug|Any CPU
		{2A00ED11-CF0B-4549-89B9-AED6A477709D}.Debug|x64.ActiveCfg = Debug|Any CPU
		{2A00ED11-CF0B-4549-89B9-AED6A477709D}.Debug|x64.Build.0 = Debug|Any CPU
		{2A00ED11-CF0B-4549-89B9-AED6A477709D}.Debug|x86.ActiveCfg = Debug|Any CPU
		{2A00ED11-CF0B-4549-89B9-AED6A477709D}.Debug|x86.Build.0 = Debug|Any CPU
		{2A00ED11-CF0B-4549-89B9-AED6A477709D}.Release|Any CPU.ActiveCfg = Release|Any CPU
		{2A00ED11-CF0B-4549-89B9-AED6A477709D}.Release|Any CPU.Build.0 = Release|Any CPU
		{2A00ED11-CF0B-4549-89B9-AED6A477709D}.Release|x64.ActiveCfg = Release|Any CPU
		{2A00ED11-CF0B-4549-89B9-AED6A477709D}.Release|x64.Build.0 = Release|Any CPU
		{2A00ED11-CF0B-4549-89B9-AED6A477709D}.Release|x86.ActiveCfg = Release|Any CPU
		{2A00ED11-CF0B-4549-89B9-AED6A477709D}.Release|x86.Build.0 = Release|Any CPU
		{52070E4B-694A-4D2E-813D-AA6505FA5148}.Debug|Any CPU.ActiveCfg = Debug|Any CPU
		{52070E4B-694A-4D2E-813D-AA6505FA5148}.Debug|Any CPU.Build.0 = Debug|Any CPU
		{52070E4B-694A-4D2E-813D-AA6505FA5148}.Debug|x64.ActiveCfg = Debug|Any CPU
		{52070E4B-694A-4D2E-813D-AA6505FA5148}.Debug|x64.Build.0 = Debug|Any CPU
		{52070E4B-694A-4D2E-813D-AA6505FA5148}.Debug|x86.ActiveCfg = Debug|Any CPU
		{52070E4B-694A-4D2E-813D-AA6505FA5148}.Debug|x86.Build.0 = Debug|Any CPU
		{52070E4B-694A-4D2E-813D-AA6505FA5148}.Release|Any CPU.ActiveCfg = Release|Any CPU
		{52070E4B-694A-4D2E-813D-AA6505FA5148}.Release|Any CPU.Build.0 = Release|Any CPU
		{52070E4B-694A-4D2E-813D-AA6505FA5148}.Release|x64.ActiveCfg = Release|Any CPU
		{52070E4B-694A-4D2E-813D-AA6505FA5148}.Release|x64.Build.0 = Release|Any CPU
		{52070E4B-694A-4D2E-813D-AA6505FA5148}.Release|x86.ActiveCfg = Release|Any CPU
		{52070E4B-694A-4D2E-813D-AA6505FA5148}.Release|x86.Build.0 = Release|Any CPU
		{4929E081-155E-4018-9931-D2E293D00F49}.Debug|Any CPU.ActiveCfg = Debug|Any CPU
		{4929E081-155E-4018-9931-D2E293D00F49}.Debug|Any CPU.Build.0 = Debug|Any CPU
		{4929E081-155E-4018-9931-D2E293D00F49}.Debug|x64.ActiveCfg = Debug|Any CPU
		{4929E081-155E-4018-9931-D2E293D00F49}.Debug|x64.Build.0 = Debug|Any CPU
		{4929E081-155E-4018-9931-D2E293D00F49}.Debug|x86.ActiveCfg = Debug|Any CPU
		{4929E081-155E-4018-9931-D2E293D00F49}.Debug|x86.Build.0 = Debug|Any CPU
		{4929E081-155E-4018-9931-D2E293D00F49}.Release|Any CPU.ActiveCfg = Release|Any CPU
		{4929E081-155E-4018-9931-D2E293D00F49}.Release|Any CPU.Build.0 = Release|Any CPU
		{4929E081-155E-4018-9931-D2E293D00F49}.Release|x64.ActiveCfg = Release|Any CPU
		{4929E081-155E-4018-9931-D2E293D00F49}.Release|x64.Build.0 = Release|Any CPU
		{4929E081-155E-4018-9931-D2E293D00F49}.Release|x86.ActiveCfg = Release|Any CPU
		{4929E081-155E-4018-9931-D2E293D00F49}.Release|x86.Build.0 = Release|Any CPU
		{1D28B25F-882C-43FE-914E-FFD83EA6901E}.Debug|Any CPU.ActiveCfg = Debug|Any CPU
		{1D28B25F-882C-43FE-914E-FFD83EA6901E}.Debug|Any CPU.Build.0 = Debug|Any CPU
		{1D28B25F-882C-43FE-914E-FFD83EA6901E}.Debug|x64.ActiveCfg = Debug|Any CPU
		{1D28B25F-882C-43FE-914E-FFD83EA6901E}.Debug|x64.Build.0 = Debug|Any CPU
		{1D28B25F-882C-43FE-914E-FFD83EA6901E}.Debug|x86.ActiveCfg = Debug|Any CPU
		{1D28B25F-882C-43FE-914E-FFD83EA6901E}.Debug|x86.Build.0 = Debug|Any CPU
		{1D28B25F-882C-43FE-914E-FFD83EA6901E}.Release|Any CPU.ActiveCfg = Release|Any CPU
		{1D28B25F-882C-43FE-914E-FFD83EA6901E}.Release|Any CPU.Build.0 = Release|Any CPU
		{1D28B25F-882C-43FE-914E-FFD83EA6901E}.Release|x64.ActiveCfg = Release|Any CPU
		{1D28B25F-882C-43FE-914E-FFD83EA6901E}.Release|x64.Build.0 = Release|Any CPU
		{1D28B25F-882C-43FE-914E-FFD83EA6901E}.Release|x86.ActiveCfg = Release|Any CPU
		{1D28B25F-882C-43FE-914E-FFD83EA6901E}.Release|x86.Build.0 = Release|Any CPU
		{DDB300F0-726A-45A2-87B7-55EB4DFD1FD4}.Debug|Any CPU.ActiveCfg = Debug|Any CPU
		{DDB300F0-726A-45A2-87B7-55EB4DFD1FD4}.Debug|Any CPU.Build.0 = Debug|Any CPU
		{DDB300F0-726A-45A2-87B7-55EB4DFD1FD4}.Debug|x64.ActiveCfg = Debug|Any CPU
		{DDB300F0-726A-45A2-87B7-55EB4DFD1FD4}.Debug|x64.Build.0 = Debug|Any CPU
		{DDB300F0-726A-45A2-87B7-55EB4DFD1FD4}.Debug|x86.ActiveCfg = Debug|Any CPU
		{DDB300F0-726A-45A2-87B7-55EB4DFD1FD4}.Debug|x86.Build.0 = Debug|Any CPU
		{DDB300F0-726A-45A2-87B7-55EB4DFD1FD4}.Release|Any CPU.ActiveCfg = Release|Any CPU
		{DDB300F0-726A-45A2-87B7-55EB4DFD1FD4}.Release|Any CPU.Build.0 = Release|Any CPU
		{DDB300F0-726A-45A2-87B7-55EB4DFD1FD4}.Release|x64.ActiveCfg = Release|Any CPU
		{DDB300F0-726A-45A2-87B7-55EB4DFD1FD4}.Release|x64.Build.0 = Release|Any CPU
		{DDB300F0-726A-45A2-87B7-55EB4DFD1FD4}.Release|x86.ActiveCfg = Release|Any CPU
		{DDB300F0-726A-45A2-87B7-55EB4DFD1FD4}.Release|x86.Build.0 = Release|Any CPU
	EndGlobalSection
	GlobalSection(SolutionProperties) = preSolution
		HideSolutionNode = FALSE
	EndGlobalSection
	GlobalSection(NestedProjects) = preSolution
		{19127C3A-9DF3-4FAE-A6F1-2E05D2929A2A} = {45D4BB88-896D-4E5D-BA61-9F3B4FAA7550}
		{A603F7A8-30CB-431F-9AEE-C761B52EFA12} = {45D4BB88-896D-4E5D-BA61-9F3B4FAA7550}
		{2A00ED11-CF0B-4549-89B9-AED6A477709D} = {45D4BB88-896D-4E5D-BA61-9F3B4FAA7550}
		{52070E4B-694A-4D2E-813D-AA6505FA5148} = {45D4BB88-896D-4E5D-BA61-9F3B4FAA7550}
		{1D28B25F-882C-43FE-914E-FFD83EA6901E} = {2B314985-C3A2-4832-A971-F9CC024AA549}
		{E6B48023-E680-40DA-9E17-319585C26937} = {827E0CD3-B72D-47B6-A68D-7590B98EB39B}
		{D44E6B09-24B4-AB60-910B-327FF8A95858} = {E6B48023-E680-40DA-9E17-319585C26937}
		{DDB300F0-726A-45A2-87B7-55EB4DFD1FD4} = {D44E6B09-24B4-AB60-910B-327FF8A95858}
	EndGlobalSection
EndGlobal
